// !$*UTF8*$!
{
	archiveVersion = 1;
	classes = {
	};
	objectVersion = 46;
	objects = {

/* Begin PBXBuildFile section */
		0409C33F1C2652EC0083AC53 /* LogInViewController.swift in Sources */ = {isa = PBXBuildFile; fileRef = 0409C33E1C2652EC0083AC53 /* LogInViewController.swift */; };
		041FB7711C2562BB00F31EDE /* FBSDKCoreKit.framework in Frameworks */ = {isa = PBXBuildFile; fileRef = 041FB76E1C2562BB00F31EDE /* FBSDKCoreKit.framework */; };
		041FB7721C2562BB00F31EDE /* FBSDKLoginKit.framework in Frameworks */ = {isa = PBXBuildFile; fileRef = 041FB76F1C2562BB00F31EDE /* FBSDKLoginKit.framework */; };
		041FB7731C2562BB00F31EDE /* FBSDKShareKit.framework in Frameworks */ = {isa = PBXBuildFile; fileRef = 041FB7701C2562BB00F31EDE /* FBSDKShareKit.framework */; };
		045C9F341C25754A0005B278 /* ParseInterface.swift in Sources */ = {isa = PBXBuildFile; fileRef = 045C9F331C25754A0005B278 /* ParseInterface.swift */; };
		04F733B71C223E1B004A4D7A /* AppDelegate.swift in Sources */ = {isa = PBXBuildFile; fileRef = 04F733B61C223E1B004A4D7A /* AppDelegate.swift */; };
		04F733B91C223E1B004A4D7A /* AddingShopViewController.swift in Sources */ = {isa = PBXBuildFile; fileRef = 04F733B81C223E1B004A4D7A /* AddingShopViewController.swift */; };
		04F733BC1C223E1B004A4D7A /* Main.storyboard in Resources */ = {isa = PBXBuildFile; fileRef = 04F733BA1C223E1B004A4D7A /* Main.storyboard */; };
		04F733BE1C223E1B004A4D7A /* Assets.xcassets in Resources */ = {isa = PBXBuildFile; fileRef = 04F733BD1C223E1B004A4D7A /* Assets.xcassets */; };
		04F733C11C223E1B004A4D7A /* LaunchScreen.storyboard in Resources */ = {isa = PBXBuildFile; fileRef = 04F733BF1C223E1B004A4D7A /* LaunchScreen.storyboard */; };
		04F733CC1C223E1B004A4D7A /* FleaTests.swift in Sources */ = {isa = PBXBuildFile; fileRef = 04F733CB1C223E1B004A4D7A /* FleaTests.swift */; };
		04F733D71C223E1B004A4D7A /* FleaUITests.swift in Sources */ = {isa = PBXBuildFile; fileRef = 04F733D61C223E1B004A4D7A /* FleaUITests.swift */; };
		53A43922D20B3F6BB59E20E9 /* Pods.framework in Frameworks */ = {isa = PBXBuildFile; fileRef = 7BB8F118833FF577E5D81E38 /* Pods.framework */; };
		AA834F2F1C2864E1002ADFB0 /* SignInViewController.swift in Sources */ = {isa = PBXBuildFile; fileRef = AA834F2E1C2864E1002ADFB0 /* SignInViewController.swift */; };
		AA834F311C2AA7D6002ADFB0 /* SignUpViewController.swift in Sources */ = {isa = PBXBuildFile; fileRef = AA834F301C2AA7D6002ADFB0 /* SignUpViewController.swift */; };
		AA834F331C2B0358002ADFB0 /* ParseError.swift in Sources */ = {isa = PBXBuildFile; fileRef = AA834F321C2B0358002ADFB0 /* ParseError.swift */; };
		BA5F53C61C255FD90071EB3F /* CHTCollectionViewWaterfallLayout.swift in Sources */ = {isa = PBXBuildFile; fileRef = BA5F53BC1C255FD90071EB3F /* CHTCollectionViewWaterfallLayout.swift */; };
		BA5F53C71C255FD90071EB3F /* Extension.swift in Sources */ = {isa = PBXBuildFile; fileRef = BA5F53BD1C255FD90071EB3F /* Extension.swift */; };
		BA5F53C81C255FD90071EB3F /* Macro.swift in Sources */ = {isa = PBXBuildFile; fileRef = BA5F53BE1C255FD90071EB3F /* Macro.swift */; };
		BA5F53C91C255FD90071EB3F /* NTHorizontalPageViewCell.swift in Sources */ = {isa = PBXBuildFile; fileRef = BA5F53BF1C255FD90071EB3F /* NTHorizontalPageViewCell.swift */; };
		BA5F53CA1C255FD90071EB3F /* NTHorizontalPageViewController.swift in Sources */ = {isa = PBXBuildFile; fileRef = BA5F53C01C255FD90071EB3F /* NTHorizontalPageViewController.swift */; };
		BA5F53CB1C255FD90071EB3F /* NTNavigationController.swift in Sources */ = {isa = PBXBuildFile; fileRef = BA5F53C11C255FD90071EB3F /* NTNavigationController.swift */; };
		BA5F53CC1C255FD90071EB3F /* NTTransition.swift in Sources */ = {isa = PBXBuildFile; fileRef = BA5F53C21C255FD90071EB3F /* NTTransition.swift */; };
		BA5F53CD1C255FD90071EB3F /* NTTransitionProtocol.swift in Sources */ = {isa = PBXBuildFile; fileRef = BA5F53C31C255FD90071EB3F /* NTTransitionProtocol.swift */; };
		BA5F53CE1C255FD90071EB3F /* NTWaterfallViewCell.swift in Sources */ = {isa = PBXBuildFile; fileRef = BA5F53C41C255FD90071EB3F /* NTWaterfallViewCell.swift */; };
		BA5F53CF1C255FD90071EB3F /* NTWaterfallViewController.swift in Sources */ = {isa = PBXBuildFile; fileRef = BA5F53C51C255FD90071EB3F /* NTWaterfallViewController.swift */; };
/* End PBXBuildFile section */

/* Begin PBXContainerItemProxy section */
		04F733C81C223E1B004A4D7A /* PBXContainerItemProxy */ = {
			isa = PBXContainerItemProxy;
			containerPortal = 04F733AB1C223E1A004A4D7A /* Project object */;
			proxyType = 1;
			remoteGlobalIDString = 04F733B21C223E1B004A4D7A;
			remoteInfo = Flea;
		};
		04F733D31C223E1B004A4D7A /* PBXContainerItemProxy */ = {
			isa = PBXContainerItemProxy;
			containerPortal = 04F733AB1C223E1A004A4D7A /* Project object */;
			proxyType = 1;
			remoteGlobalIDString = 04F733B21C223E1B004A4D7A;
			remoteInfo = Flea;
		};
/* End PBXContainerItemProxy section */

/* Begin PBXFileReference section */
		0409C33E1C2652EC0083AC53 /* LogInViewController.swift */ = {isa = PBXFileReference; fileEncoding = 4; lastKnownFileType = sourcecode.swift; path = LogInViewController.swift; sourceTree = "<group>"; };
		041FB76E1C2562BB00F31EDE /* FBSDKCoreKit.framework */ = {isa = PBXFileReference; lastKnownFileType = wrapper.framework; name = FBSDKCoreKit.framework; path = "../../../../../Downloads/FacebookSDKs-iOS-20151111/FBSDKCoreKit.framework"; sourceTree = "<group>"; };
		041FB76F1C2562BB00F31EDE /* FBSDKLoginKit.framework */ = {isa = PBXFileReference; lastKnownFileType = wrapper.framework; name = FBSDKLoginKit.framework; path = "../../../../../Downloads/FacebookSDKs-iOS-20151111/FBSDKLoginKit.framework"; sourceTree = "<group>"; };
		041FB7701C2562BB00F31EDE /* FBSDKShareKit.framework */ = {isa = PBXFileReference; lastKnownFileType = wrapper.framework; name = FBSDKShareKit.framework; path = "../../../../../Downloads/FacebookSDKs-iOS-20151111/FBSDKShareKit.framework"; sourceTree = "<group>"; };
		041FB7741C2563B600F31EDE /* Flea-Bridging-Header.h */ = {isa = PBXFileReference; lastKnownFileType = sourcecode.c.h; path = "Flea-Bridging-Header.h"; sourceTree = "<group>"; };
		045C9F331C25754A0005B278 /* ParseInterface.swift */ = {isa = PBXFileReference; fileEncoding = 4; lastKnownFileType = sourcecode.swift; path = ParseInterface.swift; sourceTree = "<group>"; };
		04F733B31C223E1B004A4D7A /* Flea.app */ = {isa = PBXFileReference; explicitFileType = wrapper.application; includeInIndex = 0; path = Flea.app; sourceTree = BUILT_PRODUCTS_DIR; };
		04F733B61C223E1B004A4D7A /* AppDelegate.swift */ = {isa = PBXFileReference; lastKnownFileType = sourcecode.swift; path = AppDelegate.swift; sourceTree = "<group>"; };
		04F733B81C223E1B004A4D7A /* AddingShopViewController.swift */ = {isa = PBXFileReference; lastKnownFileType = sourcecode.swift; path = AddingShopViewController.swift; sourceTree = "<group>"; };
		04F733BB1C223E1B004A4D7A /* Base */ = {isa = PBXFileReference; lastKnownFileType = file.storyboard; name = Base; path = Base.lproj/Main.storyboard; sourceTree = "<group>"; };
		04F733BD1C223E1B004A4D7A /* Assets.xcassets */ = {isa = PBXFileReference; lastKnownFileType = folder.assetcatalog; path = Assets.xcassets; sourceTree = "<group>"; };
		04F733C01C223E1B004A4D7A /* Base */ = {isa = PBXFileReference; lastKnownFileType = file.storyboard; name = Base; path = Base.lproj/LaunchScreen.storyboard; sourceTree = "<group>"; };
		04F733C21C223E1B004A4D7A /* Info.plist */ = {isa = PBXFileReference; lastKnownFileType = text.plist.xml; path = Info.plist; sourceTree = "<group>"; };
		04F733C71C223E1B004A4D7A /* FleaTests.xctest */ = {isa = PBXFileReference; explicitFileType = wrapper.cfbundle; includeInIndex = 0; path = FleaTests.xctest; sourceTree = BUILT_PRODUCTS_DIR; };
		04F733CB1C223E1B004A4D7A /* FleaTests.swift */ = {isa = PBXFileReference; lastKnownFileType = sourcecode.swift; path = FleaTests.swift; sourceTree = "<group>"; };
		04F733CD1C223E1B004A4D7A /* Info.plist */ = {isa = PBXFileReference; lastKnownFileType = text.plist.xml; path = Info.plist; sourceTree = "<group>"; };
		04F733D21C223E1B004A4D7A /* FleaUITests.xctest */ = {isa = PBXFileReference; explicitFileType = wrapper.cfbundle; includeInIndex = 0; path = FleaUITests.xctest; sourceTree = BUILT_PRODUCTS_DIR; };
		04F733D61C223E1B004A4D7A /* FleaUITests.swift */ = {isa = PBXFileReference; lastKnownFileType = sourcecode.swift; path = FleaUITests.swift; sourceTree = "<group>"; };
		04F733D81C223E1B004A4D7A /* Info.plist */ = {isa = PBXFileReference; lastKnownFileType = text.plist.xml; path = Info.plist; sourceTree = "<group>"; };
		7BB8F118833FF577E5D81E38 /* Pods.framework */ = {isa = PBXFileReference; explicitFileType = wrapper.framework; includeInIndex = 0; path = Pods.framework; sourceTree = BUILT_PRODUCTS_DIR; };
		7CDF51B042A53150E8CDE283 /* Pods.release.xcconfig */ = {isa = PBXFileReference; includeInIndex = 1; lastKnownFileType = text.xcconfig; name = Pods.release.xcconfig; path = "Pods/Target Support Files/Pods/Pods.release.xcconfig"; sourceTree = "<group>"; };
		AA834F2E1C2864E1002ADFB0 /* SignInViewController.swift */ = {isa = PBXFileReference; fileEncoding = 4; lastKnownFileType = sourcecode.swift; path = SignInViewController.swift; sourceTree = "<group>"; };
		AA834F301C2AA7D6002ADFB0 /* SignUpViewController.swift */ = {isa = PBXFileReference; fileEncoding = 4; lastKnownFileType = sourcecode.swift; path = SignUpViewController.swift; sourceTree = "<group>"; };
		AA834F321C2B0358002ADFB0 /* ParseError.swift */ = {isa = PBXFileReference; fileEncoding = 4; lastKnownFileType = sourcecode.swift; path = ParseError.swift; sourceTree = "<group>"; };
		BA5F53BC1C255FD90071EB3F /* CHTCollectionViewWaterfallLayout.swift */ = {isa = PBXFileReference; fileEncoding = 4; lastKnownFileType = sourcecode.swift; name = CHTCollectionViewWaterfallLayout.swift; path = Extensions/CHTCollectionViewWaterfallLayout.swift; sourceTree = "<group>"; };
		BA5F53BD1C255FD90071EB3F /* Extension.swift */ = {isa = PBXFileReference; fileEncoding = 4; lastKnownFileType = sourcecode.swift; name = Extension.swift; path = Extensions/Extension.swift; sourceTree = "<group>"; };
		BA5F53BE1C255FD90071EB3F /* Macro.swift */ = {isa = PBXFileReference; fileEncoding = 4; lastKnownFileType = sourcecode.swift; name = Macro.swift; path = Extensions/Macro.swift; sourceTree = "<group>"; };
		BA5F53BF1C255FD90071EB3F /* NTHorizontalPageViewCell.swift */ = {isa = PBXFileReference; fileEncoding = 4; lastKnownFileType = sourcecode.swift; name = NTHorizontalPageViewCell.swift; path = Extensions/NTHorizontalPageViewCell.swift; sourceTree = "<group>"; };
		BA5F53C01C255FD90071EB3F /* NTHorizontalPageViewController.swift */ = {isa = PBXFileReference; fileEncoding = 4; lastKnownFileType = sourcecode.swift; name = NTHorizontalPageViewController.swift; path = Extensions/NTHorizontalPageViewController.swift; sourceTree = "<group>"; };
		BA5F53C11C255FD90071EB3F /* NTNavigationController.swift */ = {isa = PBXFileReference; fileEncoding = 4; lastKnownFileType = sourcecode.swift; name = NTNavigationController.swift; path = Extensions/NTNavigationController.swift; sourceTree = "<group>"; };
		BA5F53C21C255FD90071EB3F /* NTTransition.swift */ = {isa = PBXFileReference; fileEncoding = 4; lastKnownFileType = sourcecode.swift; name = NTTransition.swift; path = Extensions/NTTransition.swift; sourceTree = "<group>"; };
		BA5F53C31C255FD90071EB3F /* NTTransitionProtocol.swift */ = {isa = PBXFileReference; fileEncoding = 4; lastKnownFileType = sourcecode.swift; name = NTTransitionProtocol.swift; path = Extensions/NTTransitionProtocol.swift; sourceTree = "<group>"; };
		BA5F53C41C255FD90071EB3F /* NTWaterfallViewCell.swift */ = {isa = PBXFileReference; fileEncoding = 4; lastKnownFileType = sourcecode.swift; name = NTWaterfallViewCell.swift; path = Extensions/NTWaterfallViewCell.swift; sourceTree = "<group>"; };
		BA5F53C51C255FD90071EB3F /* NTWaterfallViewController.swift */ = {isa = PBXFileReference; fileEncoding = 4; lastKnownFileType = sourcecode.swift; name = NTWaterfallViewController.swift; path = Extensions/NTWaterfallViewController.swift; sourceTree = "<group>"; };
		FED34CB362B9056C5D26139F /* Pods.debug.xcconfig */ = {isa = PBXFileReference; includeInIndex = 1; lastKnownFileType = text.xcconfig; name = Pods.debug.xcconfig; path = "Pods/Target Support Files/Pods/Pods.debug.xcconfig"; sourceTree = "<group>"; };
/* End PBXFileReference section */

/* Begin PBXFrameworksBuildPhase section */
		04F733B01C223E1B004A4D7A /* Frameworks */ = {
			isa = PBXFrameworksBuildPhase;
			buildActionMask = 2147483647;
			files = (
				041FB7731C2562BB00F31EDE /* FBSDKShareKit.framework in Frameworks */,
				53A43922D20B3F6BB59E20E9 /* Pods.framework in Frameworks */,
				041FB7711C2562BB00F31EDE /* FBSDKCoreKit.framework in Frameworks */,
				041FB7721C2562BB00F31EDE /* FBSDKLoginKit.framework in Frameworks */,
			);
			runOnlyForDeploymentPostprocessing = 0;
		};
		04F733C41C223E1B004A4D7A /* Frameworks */ = {
			isa = PBXFrameworksBuildPhase;
			buildActionMask = 2147483647;
			files = (
			);
			runOnlyForDeploymentPostprocessing = 0;
		};
		04F733CF1C223E1B004A4D7A /* Frameworks */ = {
			isa = PBXFrameworksBuildPhase;
			buildActionMask = 2147483647;
			files = (
			);
			runOnlyForDeploymentPostprocessing = 0;
		};
/* End PBXFrameworksBuildPhase section */

/* Begin PBXGroup section */
		045C9F301C25748B0005B278 /* Parse */ = {
			isa = PBXGroup;
			children = (
				045C9F331C25754A0005B278 /* ParseInterface.swift */,
				AA834F321C2B0358002ADFB0 /* ParseError.swift */,
			);
			name = Parse;
			sourceTree = "<group>";
		};
		04F733AA1C223E1A004A4D7A = {
			isa = PBXGroup;
			children = (
				04F733B51C223E1B004A4D7A /* Flea */,
				04F733CA1C223E1B004A4D7A /* FleaTests */,
				04F733D51C223E1B004A4D7A /* FleaUITests */,
				04F733B41C223E1B004A4D7A /* Products */,
				11ED2C1EBBEF2F3FB2FBC35F /* Pods */,
				AC7B9BA4BEA6C45D94A086CB /* Frameworks */,
			);
			sourceTree = "<group>";
		};
		04F733B41C223E1B004A4D7A /* Products */ = {
			isa = PBXGroup;
			children = (
				04F733B31C223E1B004A4D7A /* Flea.app */,
				04F733C71C223E1B004A4D7A /* FleaTests.xctest */,
				04F733D21C223E1B004A4D7A /* FleaUITests.xctest */,
			);
			name = Products;
			sourceTree = "<group>";
		};
		04F733B51C223E1B004A4D7A /* Flea */ = {
			isa = PBXGroup;
			children = (
				045C9F301C25748B0005B278 /* Parse */,
				BA5F53D51C2560B20071EB3F /* Model */,
				BA5F53D41C25602C0071EB3F /* Views */,
				BA5F53D31C2560260071EB3F /* Controllers */,
				BA5F53D21C25601C0071EB3F /* Cells */,
				BA5F53D01C255FE40071EB3F /* Extensions */,
				04F733BA1C223E1B004A4D7A /* Main.storyboard */,
				04F733B61C223E1B004A4D7A /* AppDelegate.swift */,
				04F733BD1C223E1B004A4D7A /* Assets.xcassets */,
				04F733BF1C223E1B004A4D7A /* LaunchScreen.storyboard */,
				04F733C21C223E1B004A4D7A /* Info.plist */,
				041FB7741C2563B600F31EDE /* Flea-Bridging-Header.h */,
			);
			path = Flea;
			sourceTree = "<group>";
		};
		04F733CA1C223E1B004A4D7A /* FleaTests */ = {
			isa = PBXGroup;
			children = (
				04F733CB1C223E1B004A4D7A /* FleaTests.swift */,
				04F733CD1C223E1B004A4D7A /* Info.plist */,
			);
			path = FleaTests;
			sourceTree = "<group>";
		};
		04F733D51C223E1B004A4D7A /* FleaUITests */ = {
			isa = PBXGroup;
			children = (
				04F733D61C223E1B004A4D7A /* FleaUITests.swift */,
				04F733D81C223E1B004A4D7A /* Info.plist */,
			);
			path = FleaUITests;
			sourceTree = "<group>";
		};
		11ED2C1EBBEF2F3FB2FBC35F /* Pods */ = {
			isa = PBXGroup;
			children = (
				FED34CB362B9056C5D26139F /* Pods.debug.xcconfig */,
				7CDF51B042A53150E8CDE283 /* Pods.release.xcconfig */,
			);
			name = Pods;
			sourceTree = "<group>";
		};
		AC7B9BA4BEA6C45D94A086CB /* Frameworks */ = {
			isa = PBXGroup;
			children = (
				041FB76E1C2562BB00F31EDE /* FBSDKCoreKit.framework */,
				041FB76F1C2562BB00F31EDE /* FBSDKLoginKit.framework */,
				041FB7701C2562BB00F31EDE /* FBSDKShareKit.framework */,
				7BB8F118833FF577E5D81E38 /* Pods.framework */,
			);
			name = Frameworks;
			sourceTree = "<group>";
		};
		BA5F53D01C255FE40071EB3F /* Extensions */ = {
			isa = PBXGroup;
			children = (
				BA5F53D11C255FF50071EB3F /* Transition */,
			);
			name = Extensions;
			sourceTree = "<group>";
		};
		BA5F53D11C255FF50071EB3F /* Transition */ = {
			isa = PBXGroup;
			children = (
				BA5F53BC1C255FD90071EB3F /* CHTCollectionViewWaterfallLayout.swift */,
				BA5F53BD1C255FD90071EB3F /* Extension.swift */,
				BA5F53BE1C255FD90071EB3F /* Macro.swift */,
				BA5F53C11C255FD90071EB3F /* NTNavigationController.swift */,
				BA5F53C21C255FD90071EB3F /* NTTransition.swift */,
				BA5F53C31C255FD90071EB3F /* NTTransitionProtocol.swift */,
			);
			name = Transition;
			sourceTree = "<group>";
		};
		BA5F53D21C25601C0071EB3F /* Cells */ = {
			isa = PBXGroup;
			children = (
				BA5F53BF1C255FD90071EB3F /* NTHorizontalPageViewCell.swift */,
				BA5F53C41C255FD90071EB3F /* NTWaterfallViewCell.swift */,
			);
			name = Cells;
			sourceTree = "<group>";
		};
		BA5F53D31C2560260071EB3F /* Controllers */ = {
			isa = PBXGroup;
			children = (
				0409C33E1C2652EC0083AC53 /* LogInViewController.swift */,
				BA5F53C01C255FD90071EB3F /* NTHorizontalPageViewController.swift */,
				BA5F53C51C255FD90071EB3F /* NTWaterfallViewController.swift */,
				04F733B81C223E1B004A4D7A /* AddingShopViewController.swift */,
				AA834F2E1C2864E1002ADFB0 /* SignInViewController.swift */,
				AA834F301C2AA7D6002ADFB0 /* SignUpViewController.swift */,
			);
			name = Controllers;
			sourceTree = "<group>";
		};
		BA5F53D41C25602C0071EB3F /* Views */ = {
			isa = PBXGroup;
			children = (
			);
			name = Views;
			sourceTree = "<group>";
		};
		BA5F53D51C2560B20071EB3F /* Model */ = {
			isa = PBXGroup;
			children = (
			);
			name = Model;
			sourceTree = "<group>";
		};
/* End PBXGroup section */

/* Begin PBXNativeTarget section */
		04F733B21C223E1B004A4D7A /* Flea */ = {
			isa = PBXNativeTarget;
			buildConfigurationList = 04F733DB1C223E1B004A4D7A /* Build configuration list for PBXNativeTarget "Flea" */;
			buildPhases = (
				0A5BD8A250A9C01790844628 /* Check Pods Manifest.lock */,
				04F733AF1C223E1B004A4D7A /* Sources */,
				04F733B01C223E1B004A4D7A /* Frameworks */,
				04F733B11C223E1B004A4D7A /* Resources */,
				0D6010683D10DA5F1CD96BA5 /* Embed Pods Frameworks */,
				251456DA8326C40AECFF671B /* Copy Pods Resources */,
			);
			buildRules = (
			);
			dependencies = (
			);
			name = Flea;
			productName = Flea;
			productReference = 04F733B31C223E1B004A4D7A /* Flea.app */;
			productType = "com.apple.product-type.application";
		};
		04F733C61C223E1B004A4D7A /* FleaTests */ = {
			isa = PBXNativeTarget;
			buildConfigurationList = 04F733DE1C223E1B004A4D7A /* Build configuration list for PBXNativeTarget "FleaTests" */;
			buildPhases = (
				04F733C31C223E1B004A4D7A /* Sources */,
				04F733C41C223E1B004A4D7A /* Frameworks */,
				04F733C51C223E1B004A4D7A /* Resources */,
			);
			buildRules = (
			);
			dependencies = (
				04F733C91C223E1B004A4D7A /* PBXTargetDependency */,
			);
			name = FleaTests;
			productName = FleaTests;
			productReference = 04F733C71C223E1B004A4D7A /* FleaTests.xctest */;
			productType = "com.apple.product-type.bundle.unit-test";
		};
		04F733D11C223E1B004A4D7A /* FleaUITests */ = {
			isa = PBXNativeTarget;
			buildConfigurationList = 04F733E11C223E1B004A4D7A /* Build configuration list for PBXNativeTarget "FleaUITests" */;
			buildPhases = (
				04F733CE1C223E1B004A4D7A /* Sources */,
				04F733CF1C223E1B004A4D7A /* Frameworks */,
				04F733D01C223E1B004A4D7A /* Resources */,
			);
			buildRules = (
			);
			dependencies = (
				04F733D41C223E1B004A4D7A /* PBXTargetDependency */,
			);
			name = FleaUITests;
			productName = FleaUITests;
			productReference = 04F733D21C223E1B004A4D7A /* FleaUITests.xctest */;
			productType = "com.apple.product-type.bundle.ui-testing";
		};
/* End PBXNativeTarget section */

/* Begin PBXProject section */
		04F733AB1C223E1A004A4D7A /* Project object */ = {
			isa = PBXProject;
			attributes = {
				LastSwiftUpdateCheck = 0710;
				LastUpgradeCheck = 0710;
				ORGANIZATIONNAME = ThreeStrangers;
				TargetAttributes = {
					04F733B21C223E1B004A4D7A = {
						CreatedOnToolsVersion = 7.1.1;
						DevelopmentTeam = 3N5R89QN4M;
					};
					04F733C61C223E1B004A4D7A = {
						CreatedOnToolsVersion = 7.1.1;
						DevelopmentTeam = 3N5R89QN4M;
						TestTargetID = 04F733B21C223E1B004A4D7A;
					};
					04F733D11C223E1B004A4D7A = {
						CreatedOnToolsVersion = 7.1.1;
						DevelopmentTeam = 3N5R89QN4M;
						TestTargetID = 04F733B21C223E1B004A4D7A;
					};
				};
			};
			buildConfigurationList = 04F733AE1C223E1A004A4D7A /* Build configuration list for PBXProject "Flea" */;
			compatibilityVersion = "Xcode 3.2";
			developmentRegion = English;
			hasScannedForEncodings = 0;
			knownRegions = (
				en,
				Base,
			);
			mainGroup = 04F733AA1C223E1A004A4D7A;
			productRefGroup = 04F733B41C223E1B004A4D7A /* Products */;
			projectDirPath = "";
			projectRoot = "";
			targets = (
				04F733B21C223E1B004A4D7A /* Flea */,
				04F733C61C223E1B004A4D7A /* FleaTests */,
				04F733D11C223E1B004A4D7A /* FleaUITests */,
			);
		};
/* End PBXProject section */

/* Begin PBXResourcesBuildPhase section */
		04F733B11C223E1B004A4D7A /* Resources */ = {
			isa = PBXResourcesBuildPhase;
			buildActionMask = 2147483647;
			files = (
				04F733C11C223E1B004A4D7A /* LaunchScreen.storyboard in Resources */,
				04F733BE1C223E1B004A4D7A /* Assets.xcassets in Resources */,
				04F733BC1C223E1B004A4D7A /* Main.storyboard in Resources */,
			);
			runOnlyForDeploymentPostprocessing = 0;
		};
		04F733C51C223E1B004A4D7A /* Resources */ = {
			isa = PBXResourcesBuildPhase;
			buildActionMask = 2147483647;
			files = (
			);
			runOnlyForDeploymentPostprocessing = 0;
		};
		04F733D01C223E1B004A4D7A /* Resources */ = {
			isa = PBXResourcesBuildPhase;
			buildActionMask = 2147483647;
			files = (
			);
			runOnlyForDeploymentPostprocessing = 0;
		};
/* End PBXResourcesBuildPhase section */

/* Begin PBXShellScriptBuildPhase section */
		0A5BD8A250A9C01790844628 /* Check Pods Manifest.lock */ = {
			isa = PBXShellScriptBuildPhase;
			buildActionMask = 2147483647;
			files = (
			);
			inputPaths = (
			);
			name = "Check Pods Manifest.lock";
			outputPaths = (
			);
			runOnlyForDeploymentPostprocessing = 0;
			shellPath = /bin/sh;
			shellScript = "diff \"${PODS_ROOT}/../Podfile.lock\" \"${PODS_ROOT}/Manifest.lock\" > /dev/null\nif [[ $? != 0 ]] ; then\n    cat << EOM\nerror: The sandbox is not in sync with the Podfile.lock. Run 'pod install' or update your CocoaPods installation.\nEOM\n    exit 1\nfi\n";
			showEnvVarsInLog = 0;
		};
		0D6010683D10DA5F1CD96BA5 /* Embed Pods Frameworks */ = {
			isa = PBXShellScriptBuildPhase;
			buildActionMask = 2147483647;
			files = (
			);
			inputPaths = (
			);
			name = "Embed Pods Frameworks";
			outputPaths = (
			);
			runOnlyForDeploymentPostprocessing = 0;
			shellPath = /bin/sh;
			shellScript = "\"${SRCROOT}/Pods/Target Support Files/Pods/Pods-frameworks.sh\"\n";
			showEnvVarsInLog = 0;
		};
		251456DA8326C40AECFF671B /* Copy Pods Resources */ = {
			isa = PBXShellScriptBuildPhase;
			buildActionMask = 2147483647;
			files = (
			);
			inputPaths = (
			);
			name = "Copy Pods Resources";
			outputPaths = (
			);
			runOnlyForDeploymentPostprocessing = 0;
			shellPath = /bin/sh;
			shellScript = "\"${SRCROOT}/Pods/Target Support Files/Pods/Pods-resources.sh\"\n";
			showEnvVarsInLog = 0;
		};
/* End PBXShellScriptBuildPhase section */

/* Begin PBXSourcesBuildPhase section */
		04F733AF1C223E1B004A4D7A /* Sources */ = {
			isa = PBXSourcesBuildPhase;
			buildActionMask = 2147483647;
			files = (
				04F733B91C223E1B004A4D7A /* AddingShopViewController.swift in Sources */,
				04F733B71C223E1B004A4D7A /* AppDelegate.swift in Sources */,
				BA5F53CC1C255FD90071EB3F /* NTTransition.swift in Sources */,
				BA5F53CA1C255FD90071EB3F /* NTHorizontalPageViewController.swift in Sources */,
				AA834F331C2B0358002ADFB0 /* ParseError.swift in Sources */,
				BA5F53C61C255FD90071EB3F /* CHTCollectionViewWaterfallLayout.swift in Sources */,
				BA5F53C91C255FD90071EB3F /* NTHorizontalPageViewCell.swift in Sources */,
				045C9F341C25754A0005B278 /* ParseInterface.swift in Sources */,
				BA5F53CD1C255FD90071EB3F /* NTTransitionProtocol.swift in Sources */,
				AA834F2F1C2864E1002ADFB0 /* SignInViewController.swift in Sources */,
				BA5F53CE1C255FD90071EB3F /* NTWaterfallViewCell.swift in Sources */,
				AA834F311C2AA7D6002ADFB0 /* SignUpViewController.swift in Sources */,
				BA5F53CB1C255FD90071EB3F /* NTNavigationController.swift in Sources */,
				0409C33F1C2652EC0083AC53 /* LogInViewController.swift in Sources */,
				BA5F53CF1C255FD90071EB3F /* NTWaterfallViewController.swift in Sources */,
				BA5F53C71C255FD90071EB3F /* Extension.swift in Sources */,
				BA5F53C81C255FD90071EB3F /* Macro.swift in Sources */,
			);
			runOnlyForDeploymentPostprocessing = 0;
		};
		04F733C31C223E1B004A4D7A /* Sources */ = {
			isa = PBXSourcesBuildPhase;
			buildActionMask = 2147483647;
			files = (
				04F733CC1C223E1B004A4D7A /* FleaTests.swift in Sources */,
			);
			runOnlyForDeploymentPostprocessing = 0;
		};
		04F733CE1C223E1B004A4D7A /* Sources */ = {
			isa = PBXSourcesBuildPhase;
			buildActionMask = 2147483647;
			files = (
				04F733D71C223E1B004A4D7A /* FleaUITests.swift in Sources */,
			);
			runOnlyForDeploymentPostprocessing = 0;
		};
/* End PBXSourcesBuildPhase section */

/* Begin PBXTargetDependency section */
		04F733C91C223E1B004A4D7A /* PBXTargetDependency */ = {
			isa = PBXTargetDependency;
			target = 04F733B21C223E1B004A4D7A /* Flea */;
			targetProxy = 04F733C81C223E1B004A4D7A /* PBXContainerItemProxy */;
		};
		04F733D41C223E1B004A4D7A /* PBXTargetDependency */ = {
			isa = PBXTargetDependency;
			target = 04F733B21C223E1B004A4D7A /* Flea */;
			targetProxy = 04F733D31C223E1B004A4D7A /* PBXContainerItemProxy */;
		};
/* End PBXTargetDependency section */

/* Begin PBXVariantGroup section */
		04F733BA1C223E1B004A4D7A /* Main.storyboard */ = {
			isa = PBXVariantGroup;
			children = (
				04F733BB1C223E1B004A4D7A /* Base */,
			);
			name = Main.storyboard;
			sourceTree = "<group>";
		};
		04F733BF1C223E1B004A4D7A /* LaunchScreen.storyboard */ = {
			isa = PBXVariantGroup;
			children = (
				04F733C01C223E1B004A4D7A /* Base */,
			);
			name = LaunchScreen.storyboard;
			sourceTree = "<group>";
		};
/* End PBXVariantGroup section */

/* Begin XCBuildConfiguration section */
		04F733D91C223E1B004A4D7A /* Debug */ = {
			isa = XCBuildConfiguration;
			buildSettings = {
				ALWAYS_SEARCH_USER_PATHS = NO;
				CLANG_CXX_LANGUAGE_STANDARD = "gnu++0x";
				CLANG_CXX_LIBRARY = "libc++";
				CLANG_ENABLE_MODULES = YES;
				CLANG_ENABLE_OBJC_ARC = YES;
				CLANG_WARN_BOOL_CONVERSION = YES;
				CLANG_WARN_CONSTANT_CONVERSION = YES;
				CLANG_WARN_DIRECT_OBJC_ISA_USAGE = YES_ERROR;
				CLANG_WARN_EMPTY_BODY = YES;
				CLANG_WARN_ENUM_CONVERSION = YES;
				CLANG_WARN_INT_CONVERSION = YES;
				CLANG_WARN_OBJC_ROOT_CLASS = YES_ERROR;
				CLANG_WARN_UNREACHABLE_CODE = YES;
				CLANG_WARN__DUPLICATE_METHOD_MATCH = YES;
				"CODE_SIGN_IDENTITY[sdk=iphoneos*]" = "iPhone Developer";
				COPY_PHASE_STRIP = NO;
				DEBUG_INFORMATION_FORMAT = dwarf;
				ENABLE_STRICT_OBJC_MSGSEND = YES;
				ENABLE_TESTABILITY = YES;
				GCC_C_LANGUAGE_STANDARD = gnu99;
				GCC_DYNAMIC_NO_PIC = NO;
				GCC_NO_COMMON_BLOCKS = YES;
				GCC_OPTIMIZATION_LEVEL = 0;
				GCC_PREPROCESSOR_DEFINITIONS = (
					"DEBUG=1",
					"$(inherited)",
				);
				GCC_WARN_64_TO_32_BIT_CONVERSION = YES;
				GCC_WARN_ABOUT_RETURN_TYPE = YES_ERROR;
				GCC_WARN_UNDECLARED_SELECTOR = YES;
				GCC_WARN_UNINITIALIZED_AUTOS = YES_AGGRESSIVE;
				GCC_WARN_UNUSED_FUNCTION = YES;
				GCC_WARN_UNUSED_VARIABLE = YES;
				IPHONEOS_DEPLOYMENT_TARGET = 9.1;
				MTL_ENABLE_DEBUG_INFO = YES;
				ONLY_ACTIVE_ARCH = YES;
				SDKROOT = iphoneos;
				SWIFT_OPTIMIZATION_LEVEL = "-Onone";
			};
			name = Debug;
		};
		04F733DA1C223E1B004A4D7A /* Release */ = {
			isa = XCBuildConfiguration;
			buildSettings = {
				ALWAYS_SEARCH_USER_PATHS = NO;
				CLANG_CXX_LANGUAGE_STANDARD = "gnu++0x";
				CLANG_CXX_LIBRARY = "libc++";
				CLANG_ENABLE_MODULES = YES;
				CLANG_ENABLE_OBJC_ARC = YES;
				CLANG_WARN_BOOL_CONVERSION = YES;
				CLANG_WARN_CONSTANT_CONVERSION = YES;
				CLANG_WARN_DIRECT_OBJC_ISA_USAGE = YES_ERROR;
				CLANG_WARN_EMPTY_BODY = YES;
				CLANG_WARN_ENUM_CONVERSION = YES;
				CLANG_WARN_INT_CONVERSION = YES;
				CLANG_WARN_OBJC_ROOT_CLASS = YES_ERROR;
				CLANG_WARN_UNREACHABLE_CODE = YES;
				CLANG_WARN__DUPLICATE_METHOD_MATCH = YES;
				"CODE_SIGN_IDENTITY[sdk=iphoneos*]" = "iPhone Developer";
				COPY_PHASE_STRIP = NO;
				DEBUG_INFORMATION_FORMAT = "dwarf-with-dsym";
				ENABLE_NS_ASSERTIONS = NO;
				ENABLE_STRICT_OBJC_MSGSEND = YES;
				GCC_C_LANGUAGE_STANDARD = gnu99;
				GCC_NO_COMMON_BLOCKS = YES;
				GCC_WARN_64_TO_32_BIT_CONVERSION = YES;
				GCC_WARN_ABOUT_RETURN_TYPE = YES_ERROR;
				GCC_WARN_UNDECLARED_SELECTOR = YES;
				GCC_WARN_UNINITIALIZED_AUTOS = YES_AGGRESSIVE;
				GCC_WARN_UNUSED_FUNCTION = YES;
				GCC_WARN_UNUSED_VARIABLE = YES;
				IPHONEOS_DEPLOYMENT_TARGET = 9.1;
				MTL_ENABLE_DEBUG_INFO = NO;
				SDKROOT = iphoneos;
				VALIDATE_PRODUCT = YES;
			};
			name = Release;
		};
		04F733DC1C223E1B004A4D7A /* Debug */ = {
			isa = XCBuildConfiguration;
			baseConfigurationReference = FED34CB362B9056C5D26139F /* Pods.debug.xcconfig */;
			buildSettings = {
				ASSETCATALOG_COMPILER_APPICON_NAME = AppIcon;
				CLANG_ENABLE_MODULES = YES;
				INFOPLIST_FILE = Flea/Info.plist;
				LD_RUNPATH_SEARCH_PATHS = "$(inherited) @executable_path/Frameworks";
				PRODUCT_BUNDLE_IDENTIFIER = "com.ThreeStrangers-Flea.Flea";
				PRODUCT_NAME = "$(TARGET_NAME)";
				SWIFT_OBJC_BRIDGING_HEADER = "Flea/Flea-Bridging-Header.h";
				SWIFT_OPTIMIZATION_LEVEL = "-Onone";
			};
			name = Debug;
		};
		04F733DD1C223E1B004A4D7A /* Release */ = {
			isa = XCBuildConfiguration;
			baseConfigurationReference = 7CDF51B042A53150E8CDE283 /* Pods.release.xcconfig */;
			buildSettings = {
				ASSETCATALOG_COMPILER_APPICON_NAME = AppIcon;
				CLANG_ENABLE_MODULES = YES;
				INFOPLIST_FILE = Flea/Info.plist;
				LD_RUNPATH_SEARCH_PATHS = "$(inherited) @executable_path/Frameworks";
				PRODUCT_BUNDLE_IDENTIFIER = "com.ThreeStrangers-Flea.Flea";
				PRODUCT_NAME = "$(TARGET_NAME)";
				SWIFT_OBJC_BRIDGING_HEADER = "Flea/Flea-Bridging-Header.h";
			};
			name = Release;
		};
		04F733DF1C223E1B004A4D7A /* Debug */ = {
			isa = XCBuildConfiguration;
			buildSettings = {
				BUNDLE_LOADER = "$(TEST_HOST)";
				INFOPLIST_FILE = FleaTests/Info.plist;
				LD_RUNPATH_SEARCH_PATHS = "$(inherited) @executable_path/Frameworks @loader_path/Frameworks";
				PRODUCT_BUNDLE_IDENTIFIER = "com.ThreeStrangers-Flea.FleaTests";
				PRODUCT_NAME = "$(TARGET_NAME)";
				TEST_HOST = "$(BUILT_PRODUCTS_DIR)/Flea.app/Flea";
			};
			name = Debug;
		};
		04F733E01C223E1B004A4D7A /* Release */ = {
			isa = XCBuildConfiguration;
			buildSettings = {
				BUNDLE_LOADER = "$(TEST_HOST)";
				INFOPLIST_FILE = FleaTests/Info.plist;
				LD_RUNPATH_SEARCH_PATHS = "$(inherited) @executable_path/Frameworks @loader_path/Frameworks";
				PRODUCT_BUNDLE_IDENTIFIER = "com.ThreeStrangers-Flea.FleaTests";
				PRODUCT_NAME = "$(TARGET_NAME)";
				TEST_HOST = "$(BUILT_PRODUCTS_DIR)/Flea.app/Flea";
			};
			name = Release;
		};
		04F733E21C223E1B004A4D7A /* Debug */ = {
			isa = XCBuildConfiguration;
			buildSettings = {
				INFOPLIST_FILE = FleaUITests/Info.plist;
				LD_RUNPATH_SEARCH_PATHS = "$(inherited) @executable_path/Frameworks @loader_path/Frameworks";
				PRODUCT_BUNDLE_IDENTIFIER = "com.ThreeStrangers-Flea.FleaUITests";
				PRODUCT_NAME = "$(TARGET_NAME)";
				TEST_TARGET_NAME = Flea;
				USES_XCTRUNNER = YES;
			};
			name = Debug;
		};
		04F733E31C223E1B004A4D7A /* Release */ = {
			isa = XCBuildConfiguration;
			buildSettings = {
				INFOPLIST_FILE = FleaUITests/Info.plist;
				LD_RUNPATH_SEARCH_PATHS = "$(inherited) @executable_path/Frameworks @loader_path/Frameworks";
				PRODUCT_BUNDLE_IDENTIFIER = "com.ThreeStrangers-Flea.FleaUITests";
				PRODUCT_NAME = "$(TARGET_NAME)";
				TEST_TARGET_NAME = Flea;
				USES_XCTRUNNER = YES;
			};
			name = Release;
		};
/* End XCBuildConfiguration section */

/* Begin XCConfigurationList section */
		04F733AE1C223E1A004A4D7A /* Build configuration list for PBXProject "Flea" */ = {
			isa = XCConfigurationList;
			buildConfigurations = (
				04F733D91C223E1B004A4D7A /* Debug */,
				04F733DA1C223E1B004A4D7A /* Release */,
			);
			defaultConfigurationIsVisible = 0;
			defaultConfigurationName = Release;
		};
		04F733DB1C223E1B004A4D7A /* Build configuration list for PBXNativeTarget "Flea" */ = {
			isa = XCConfigurationList;
			buildConfigurations = (
				04F733DC1C223E1B004A4D7A /* Debug */,
				04F733DD1C223E1B004A4D7A /* Release */,
			);
			defaultConfigurationIsVisible = 0;
			defaultConfigurationName = Release;
		};
		04F733DE1C223E1B004A4D7A /* Build configuration list for PBXNativeTarget "FleaTests" */ = {
			isa = XCConfigurationList;
			buildConfigurations = (
				04F733DF1C223E1B004A4D7A /* Debug */,
				04F733E01C223E1B004A4D7A /* Release */,
			);
			defaultConfigurationIsVisible = 0;
			defaultConfigurationName = Release;
		};
		04F733E11C223E1B004A4D7A /* Build configuration list for PBXNativeTarget "FleaUITests" */ = {
			isa = XCConfigurationList;
			buildConfigurations = (
				04F733E21C223E1B004A4D7A /* Debug */,
				04F733E31C223E1B004A4D7A /* Release */,
			);
			defaultConfigurationIsVisible = 0;
			defaultConfigurationName = Release;
		};
/* End XCConfigurationList section */
	};
	rootObject = 04F733AB1C223E1A004A4D7A /* Project object */;
}
